# THIS IS AN AUTOGENERATED FILE. DO NOT EDIT THIS FILE DIRECTLY.
# yarn lockfile v1


"@babel/runtime@^7.10.3":
  version "7.16.5"
  resolved "https://registry.yarnpkg.com/@babel/runtime/-/runtime-7.16.5.tgz#7f3e34bf8bdbbadf03fbb7b1ea0d929569c9487a"
  integrity sha512-TXWihFIS3Pyv5hzR7j6ihmeLkZfrXGxAr5UfSl8CHf+6q/wpiYDkUau0czckpYG8QmnCIuPpdLtuA9VmuGGyMA==
  dependencies:
    regenerator-runtime "^0.13.4"

axios@^0.21.0:
  version "0.21.4"
  resolved "https://registry.yarnpkg.com/axios/-/axios-0.21.4.tgz#c67b90dc0568e5c1cf2b0b858c43ba28e2eda575"
  integrity sha512-ut5vewkiu8jjGBdqpM44XxjuCjq9LAKeHVmoVfHVzy8eHgxxq8SbAVQNovDA8mVi05kP0Ea/n/UzcSHcTJQfNg==
  dependencies:
    follow-redirects "^1.14.0"

dotenv@^8.2.0:
  version "8.6.0"
  resolved "https://registry.yarnpkg.com/dotenv/-/dotenv-8.6.0.tgz#061af664d19f7f4d8fc6e4ff9b584ce237adcb8b"
  integrity sha512-IrPdXQsk2BbzvCBGBOTmmSH5SodmqZNt4ERAZDmW4CT+tL8VtvinqywuANaFu4bOMWki16nqf0e4oC0QIaDr/g==

follow-redirects@^1.14.0:
  version "1.14.6"
  resolved "https://registry.yarnpkg.com/follow-redirects/-/follow-redirects-1.14.6.tgz#8cfb281bbc035b3c067d6cd975b0f6ade6e855cd"
  integrity sha512-fhUl5EwSJbbl8AR+uYL2KQDxLkdSjZGR36xy46AO7cOMTrCMON6Sa28FmAnC2tRTDbd/Uuzz3aJBv7EBN7JH8A==

fs@^0.0.1-security:
  version "0.0.1-security"
  resolved "https://registry.yarnpkg.com/fs/-/fs-0.0.1-security.tgz#8a7bd37186b6dddf3813f23858b57ecaaf5e41d4"
  integrity sha1-invTcYa23d84E/I4WLV+yq9eQdQ=

inherits@2.0.3:
  version "2.0.3"
  resolved "https://registry.yarnpkg.com/inherits/-/inherits-2.0.3.tgz#633c2c83e3da42a502f52466022480f4208261de"
  integrity sha1-Yzwsg+PaQqUC9SRmAiSA9CCCYd4=

m3u8stream@^0.8.0:
  version "0.8.4"
  resolved "https://registry.yarnpkg.com/m3u8stream/-/m3u8stream-0.8.4.tgz#15b49d0c2b510755ea43c1e53f85d7aaa4dc65c2"
  integrity sha512-sco80Db+30RvcaIOndenX6E6oQNgTiBKeJbFPc+yDXwPQIkryfboEbCvXPlBRq3mQTCVPQO93TDVlfRwqpD35w==
  dependencies:
    miniget "^4.0.0"
    sax "^1.2.4"

miniget@^4.0.0:
  version "4.2.1"
  resolved "https://registry.yarnpkg.com/miniget/-/miniget-4.2.1.tgz#11a1c24817a059e292378eb9cff4328d9240c665"
  integrity sha512-O/DduzDR6f+oDtVype9S/Qu5hhnx73EDYGyZKwU/qN82lehFZdfhoa4DT51SpsO+8epYrB3gcRmws56ROfTIoQ==

path@^0.12.7:
  version "0.12.7"
  resolved "https://registry.yarnpkg.com/path/-/path-0.12.7.tgz#d4dc2a506c4ce2197eb481ebfcd5b36c0140b10f"
  integrity sha1-1NwqUGxM4hl+tIHr/NWzbAFAsQ8=
  dependencies:
    process "^0.11.1"
    util "^0.10.3"

process@^0.11.1:
  version "0.11.10"
  resolved "https://registry.yarnpkg.com/process/-/process-0.11.10.tgz#7332300e840161bda3e69a1d1d91a7d4bc16f182"
  integrity sha1-czIwDoQBYb2j5podHZGn1LwW8YI=

regenerator-runtime@^0.13.4:
  version "0.13.9"
  resolved "https://registry.yarnpkg.com/regenerator-runtime/-/regenerator-runtime-0.13.9.tgz#8925742a98ffd90814988d7566ad30ca3b263b52"
  integrity sha512-p3VT+cOEgxFsRRA9X4lkI1E+k2/CtnKtU4gcxyaCUreilL/vqI6CdZ3wxVUx3UOUg+gnUOQQcRI7BmSI656MYA==

sax@^1.2.4:
  version "1.2.4"
  resolved "https://registry.yarnpkg.com/sax/-/sax-1.2.4.tgz#2816234e2378bddc4e5354fab5caa895df7100d9"
  integrity sha512-NqVDv9TpANUjFm0N8uM5GxL36UgKi9/atZw+x7YFnQ8ckwFGKrl4xX4yWtrey3UJm5nP1kUbnYgLopqWNSRhWw==

soundcloud-downloader@^1.0.0:
  version "1.0.0"
  resolved "https://registry.yarnpkg.com/soundcloud-downloader/-/soundcloud-downloader-1.0.0.tgz#d5b345ce087f62f1a0b47f7b0f9c1f945b3f6620"
  integrity sha512-UaEGaO+NASmTKJduGGgFjWVixLKFbvkxuX1oIYseZCsdEAg4q3o+Zn5Q9NWjQ1y0QciPkhEDnS22wnPb3XZ7pw==
  dependencies:
    "@babel/runtime" "^7.10.3"
    axios "^0.21.0"
    dotenv "^8.2.0"
    m3u8stream "^0.8.0"
    soundcloud-key-fetch "^1.0.10"

soundcloud-key-fetch@^1.0.10:
  version "1.0.11"
  resolved "https://registry.yarnpkg.com/soundcloud-key-fetch/-/soundcloud-key-fetch-1.0.11.tgz#36033dda88e2b0de3bed38e1b2a80e33bb9c6755"
  integrity sha512-ofnXB3yeHGVKnFKEMBP/kIJzGu1SduQzJc+zmkPbKgelvYNsEU/aTGD0PlhmyZquaCkTGByF8CEPRrAnt7ki4g==

util@^0.10.3:
  version "0.10.4"
  resolved "https://registry.yarnpkg.com/util/-/util-0.10.4.tgz#3aa0125bfe668a4672de58857d3ace27ecb76901"
  integrity sha512-0Pm9hTQ3se5ll1XihRic3FDIku70C+iHUdT/W926rSgHV5QgXsYbKZN8MSC3tJtSkhuROzvsQjAaFENRXr+19A==
  dependencies:
    inherits "2.0.3"
